// !$*UTF8*$!
{
	archiveVersion = 1;
	classes = {
	};
	objectVersion = 46;
	objects = {

/* Begin PBXBuildFile section */
		FA03A6151CB4C02D00F9E960 /* Crucible.m in Sources */ = {isa = PBXBuildFile; fileRef = FA03A6141CB4C02D00F9E960 /* Crucible.m */; };
		FA4F37CF1CB4C5A800721ED3 /* Foundation.framework in Frameworks */ = {isa = PBXBuildFile; fileRef = FA4F37CE1CB4C5A800721ED3 /* Foundation.framework */; };
		FAC096B11CB58E940047496D /* tramp.s in Sources */ = {isa = PBXBuildFile; fileRef = FAC096B01CB58E940047496D /* tramp.s */; };
		FAC096B31CB5DF140047496D /* ParasiteRuntime.framework in Frameworks */ = {isa = PBXBuildFile; fileRef = FAC096B21CB5DF140047496D /* ParasiteRuntime.framework */; };
		FAC096B51CB6D2DD0047496D /* hooks.m in Sources */ = {isa = PBXBuildFile; fileRef = FAC096B41CB6D2DD0047496D /* hooks.m */; };
		FAC096BA1CB6D3DD0047496D /* values.m in Sources */ = {isa = PBXBuildFile; fileRef = FAC096B91CB6D3DD0047496D /* values.m */; };
		FAC096BE1CB6D4660047496D /* NSString+Transforms.m in Sources */ = {isa = PBXBuildFile; fileRef = FAC096BD1CB6D4660047496D /* NSString+Transforms.m */; };
		FAC096C11CB6D4760047496D /* NSNumber+Transforms.m in Sources */ = {isa = PBXBuildFile; fileRef = FAC096C01CB6D4760047496D /* NSNumber+Transforms.m */; };
		FAC096C51CB6D4F20047496D /* NSObject+Transforms.m in Sources */ = {isa = PBXBuildFile; fileRef = FAC096C41CB6D4F20047496D /* NSObject+Transforms.m */; };
		FAC096CA1CB6D72E0047496D /* NSColor+Constructor.m in Sources */ = {isa = PBXBuildFile; fileRef = FAC096C91CB6D72E0047496D /* NSColor+Constructor.m */; };
/* End PBXBuildFile section */

/* Begin PBXFileReference section */
		FA03A60E1CB4C02D00F9E960 /* Crucible.bundle */ = {isa = PBXFileReference; explicitFileType = wrapper.cfbundle; includeInIndex = 0; path = Crucible.bundle; sourceTree = BUILT_PRODUCTS_DIR; };
		FA03A6141CB4C02D00F9E960 /* Crucible.m */ = {isa = PBXFileReference; lastKnownFileType = sourcecode.c.objc; path = Crucible.m; sourceTree = "<group>"; };
		FA03A6161CB4C02D00F9E960 /* Info.plist */ = {isa = PBXFileReference; lastKnownFileType = text.plist.xml; path = Info.plist; sourceTree = "<group>"; };
		FA4F37CE1CB4C5A800721ED3 /* Foundation.framework */ = {isa = PBXFileReference; lastKnownFileType = wrapper.framework; name = Foundation.framework; path = System/Library/Frameworks/Foundation.framework; sourceTree = SDKROOT; };
		FAC096B01CB58E940047496D /* tramp.s */ = {isa = PBXFileReference; fileEncoding = 4; lastKnownFileType = sourcecode.asm; path = tramp.s; sourceTree = "<group>"; };
		FAC096B21CB5DF140047496D /* ParasiteRuntime.framework */ = {isa = PBXFileReference; lastKnownFileType = wrapper.framework; name = ParasiteRuntime.framework; path = ../../../../../../Library/Frameworks/ParasiteRuntime.framework; sourceTree = "<group>"; };
		FAC096B41CB6D2DD0047496D /* hooks.m */ = {isa = PBXFileReference; fileEncoding = 4; lastKnownFileType = sourcecode.c.objc; path = hooks.m; sourceTree = "<group>"; };
		FAC096B61CB6D2E50047496D /* hooks.h */ = {isa = PBXFileReference; lastKnownFileType = sourcecode.c.h; path = hooks.h; sourceTree = "<group>"; };
		FAC096B71CB6D3250047496D /* Crucible.h */ = {isa = PBXFileReference; lastKnownFileType = sourcecode.c.h; path = Crucible.h; sourceTree = "<group>"; };
		FAC096B81CB6D3CD0047496D /* values.h */ = {isa = PBXFileReference; lastKnownFileType = sourcecode.c.h; path = values.h; sourceTree = "<group>"; };
		FAC096B91CB6D3DD0047496D /* values.m */ = {isa = PBXFileReference; fileEncoding = 4; lastKnownFileType = sourcecode.c.objc; path = values.m; sourceTree = "<group>"; };
		FAC096BC1CB6D4660047496D /* NSString+Transforms.h */ = {isa = PBXFileReference; fileEncoding = 4; lastKnownFileType = sourcecode.c.h; name = "NSString+Transforms.h"; path = "transforms/NSString+Transforms.h"; sourceTree = "<group>"; };
		FAC096BD1CB6D4660047496D /* NSString+Transforms.m */ = {isa = PBXFileReference; fileEncoding = 4; lastKnownFileType = sourcecode.c.objc; name = "NSString+Transforms.m"; path = "transforms/NSString+Transforms.m"; sourceTree = "<group>"; };
		FAC096BF1CB6D4760047496D /* NSNumber+Transforms.h */ = {isa = PBXFileReference; fileEncoding = 4; lastKnownFileType = sourcecode.c.h; name = "NSNumber+Transforms.h"; path = "transforms/NSNumber+Transforms.h"; sourceTree = "<group>"; };
		FAC096C01CB6D4760047496D /* NSNumber+Transforms.m */ = {isa = PBXFileReference; fileEncoding = 4; lastKnownFileType = sourcecode.c.objc; name = "NSNumber+Transforms.m"; path = "transforms/NSNumber+Transforms.m"; sourceTree = "<group>"; };
		FAC096C21CB6D4910047496D /* Transform.h */ = {isa = PBXFileReference; fileEncoding = 4; lastKnownFileType = sourcecode.c.h; name = Transform.h; path = transforms/Transform.h; sourceTree = "<group>"; };
		FAC096C41CB6D4F20047496D /* NSObject+Transforms.m */ = {isa = PBXFileReference; fileEncoding = 4; lastKnownFileType = sourcecode.c.objc; name = "NSObject+Transforms.m"; path = "transforms/NSObject+Transforms.m"; sourceTree = "<group>"; };
		FAC096C61CB6D5350047496D /* NSObject+Transforms.h */ = {isa = PBXFileReference; lastKnownFileType = sourcecode.c.h; name = "NSObject+Transforms.h"; path = "transforms/NSObject+Transforms.h"; sourceTree = "<group>"; };
		FAC096C81CB6D72E0047496D /* NSColor+Constructor.h */ = {isa = PBXFileReference; fileEncoding = 4; lastKnownFileType = sourcecode.c.h; name = "NSColor+Constructor.h"; path = "categories/NSColor+Constructor.h"; sourceTree = "<group>"; };
		FAC096C91CB6D72E0047496D /* NSColor+Constructor.m */ = {isa = PBXFileReference; fileEncoding = 4; lastKnownFileType = sourcecode.c.objc; name = "NSColor+Constructor.m"; path = "categories/NSColor+Constructor.m"; sourceTree = "<group>"; };
/* End PBXFileReference section */

/* Begin PBXFrameworksBuildPhase section */
		FA03A60B1CB4C02D00F9E960 /* Frameworks */ = {
			isa = PBXFrameworksBuildPhase;
			buildActionMask = 2147483647;
			files = (
				FAC096B31CB5DF140047496D /* ParasiteRuntime.framework in Frameworks */,
				FA4F37CF1CB4C5A800721ED3 /* Foundation.framework in Frameworks */,
			);
			runOnlyForDeploymentPostprocessing = 0;
		};
/* End PBXFrameworksBuildPhase section */

/* Begin PBXGroup section */
		FA03A6051CB4C02D00F9E960 = {
			isa = PBXGroup;
			children = (
				FA03A6131CB4C02D00F9E960 /* Crucible */,
				FA03A6101CB4C02D00F9E960 /* Frameworks */,
				FA03A60F1CB4C02D00F9E960 /* Products */,
			);
			sourceTree = "<group>";
		};
		FA03A60F1CB4C02D00F9E960 /* Products */ = {
			isa = PBXGroup;
			children = (
				FA03A60E1CB4C02D00F9E960 /* Crucible.bundle */,
			);
			name = Products;
			sourceTree = "<group>";
		};
		FA03A6101CB4C02D00F9E960 /* Frameworks */ = {
			isa = PBXGroup;
			children = (
				FAC096B21CB5DF140047496D /* ParasiteRuntime.framework */,
				FA4F37CE1CB4C5A800721ED3 /* Foundation.framework */,
			);
			name = Frameworks;
			sourceTree = "<group>";
		};
		FA03A6131CB4C02D00F9E960 /* Crucible */ = {
			isa = PBXGroup;
			children = (
				FAC096B71CB6D3250047496D /* Crucible.h */,
				FA03A6141CB4C02D00F9E960 /* Crucible.m */,
				FAC096B61CB6D2E50047496D /* hooks.h */,
				FAC096B41CB6D2DD0047496D /* hooks.m */,
				FAC096B81CB6D3CD0047496D /* values.h */,
				FAC096B91CB6D3DD0047496D /* values.m */,
				FAC096BB1CB6D4490047496D /* Transforms */,
				FAC096C71CB6D7190047496D /* Categories */,
				FA03A6161CB4C02D00F9E960 /* Info.plist */,
				FAC096B01CB58E940047496D /* tramp.s */,
			);
			path = Crucible;
			sourceTree = "<group>";
		};
		FAC096BB1CB6D4490047496D /* Transforms */ = {
			isa = PBXGroup;
			children = (
				FAC096C21CB6D4910047496D /* Transform.h */,
				FAC096C61CB6D5350047496D /* NSObject+Transforms.h */,
				FAC096C41CB6D4F20047496D /* NSObject+Transforms.m */,
				FAC096BC1CB6D4660047496D /* NSString+Transforms.h */,
				FAC096BD1CB6D4660047496D /* NSString+Transforms.m */,
				FAC096BF1CB6D4760047496D /* NSNumber+Transforms.h */,
				FAC096C01CB6D4760047496D /* NSNumber+Transforms.m */,
			);
			name = Transforms;
			sourceTree = "<group>";
		};
		FAC096C71CB6D7190047496D /* Categories */ = {
			isa = PBXGroup;
			children = (
				FAC096C81CB6D72E0047496D /* NSColor+Constructor.h */,
				FAC096C91CB6D72E0047496D /* NSColor+Constructor.m */,
			);
			name = Categories;
			sourceTree = "<group>";
		};
/* End PBXGroup section */

/* Begin PBXNativeTarget section */
		FA03A60D1CB4C02D00F9E960 /* Crucible */ = {
			isa = PBXNativeTarget;
			buildConfigurationList = FA03A6191CB4C02D00F9E960 /* Build configuration list for PBXNativeTarget "Crucible" */;
			buildPhases = (
				FA03A60A1CB4C02D00F9E960 /* Sources */,
				FA03A60B1CB4C02D00F9E960 /* Frameworks */,
				FA03A60C1CB4C02D00F9E960 /* Resources */,
			);
			buildRules = (
			);
			dependencies = (
			);
			name = Crucible;
			productName = Crucible;
			productReference = FA03A60E1CB4C02D00F9E960 /* Crucible.bundle */;
			productType = "com.apple.product-type.bundle";
		};
/* End PBXNativeTarget section */

/* Begin PBXProject section */
		FA03A6061CB4C02D00F9E960 /* Project object */ = {
			isa = PBXProject;
			attributes = {
				LastUpgradeCheck = 0730;
				ORGANIZATIONNAME = "Alexander Zielenski";
				TargetAttributes = {
					FA03A60D1CB4C02D00F9E960 = {
						CreatedOnToolsVersion = 7.3;
					};
				};
			};
			buildConfigurationList = FA03A6091CB4C02D00F9E960 /* Build configuration list for PBXProject "Crucible" */;
			compatibilityVersion = "Xcode 3.2";
			developmentRegion = English;
			hasScannedForEncodings = 0;
			knownRegions = (
				en,
			);
			mainGroup = FA03A6051CB4C02D00F9E960;
			productRefGroup = FA03A60F1CB4C02D00F9E960 /* Products */;
			projectDirPath = "";
			projectRoot = "";
			targets = (
				FA03A60D1CB4C02D00F9E960 /* Crucible */,
			);
		};
/* End PBXProject section */

/* Begin PBXResourcesBuildPhase section */
		FA03A60C1CB4C02D00F9E960 /* Resources */ = {
			isa = PBXResourcesBuildPhase;
			buildActionMask = 2147483647;
			files = (
			);
			runOnlyForDeploymentPostprocessing = 0;
		};
/* End PBXResourcesBuildPhase section */

/* Begin PBXSourcesBuildPhase section */
		FA03A60A1CB4C02D00F9E960 /* Sources */ = {
			isa = PBXSourcesBuildPhase;
			buildActionMask = 2147483647;
			files = (
				FAC096B51CB6D2DD0047496D /* hooks.m in Sources */,
				FAC096CA1CB6D72E0047496D /* NSColor+Constructor.m in Sources */,
				FAC096B11CB58E940047496D /* tramp.s in Sources */,
				FA03A6151CB4C02D00F9E960 /* Crucible.m in Sources */,
				FAC096BA1CB6D3DD0047496D /* values.m in Sources */,
				FAC096C11CB6D4760047496D /* NSNumber+Transforms.m in Sources */,
				FAC096C51CB6D4F20047496D /* NSObject+Transforms.m in Sources */,
				FAC096BE1CB6D4660047496D /* NSString+Transforms.m in Sources */,
			);
			runOnlyForDeploymentPostprocessing = 0;
		};
/* End PBXSourcesBuildPhase section */

/* Begin XCBuildConfiguration section */
		FA03A6171CB4C02D00F9E960 /* Debug */ = {
			isa = XCBuildConfiguration;
			buildSettings = {
				ALWAYS_SEARCH_USER_PATHS = NO;
				CLANG_ANALYZER_NONNULL = YES;
				CLANG_CXX_LANGUAGE_STANDARD = "gnu++0x";
				CLANG_CXX_LIBRARY = "libc++";
				CLANG_ENABLE_MODULES = YES;
				CLANG_ENABLE_OBJC_ARC = YES;
				CLANG_WARN_BOOL_CONVERSION = YES;
				CLANG_WARN_CONSTANT_CONVERSION = YES;
				CLANG_WARN_DIRECT_OBJC_ISA_USAGE = YES_ERROR;
				CLANG_WARN_EMPTY_BODY = YES;
				CLANG_WARN_ENUM_CONVERSION = YES;
				CLANG_WARN_INT_CONVERSION = YES;
				CLANG_WARN_OBJC_ROOT_CLASS = YES_ERROR;
				CLANG_WARN_UNREACHABLE_CODE = YES;
				CLANG_WARN__DUPLICATE_METHOD_MATCH = YES;
				CODE_SIGN_IDENTITY = "-";
				COPY_PHASE_STRIP = NO;
				DEBUG_INFORMATION_FORMAT = dwarf;
				ENABLE_STRICT_OBJC_MSGSEND = YES;
				ENABLE_TESTABILITY = YES;
				GCC_C_LANGUAGE_STANDARD = gnu99;
				GCC_DYNAMIC_NO_PIC = NO;
				GCC_NO_COMMON_BLOCKS = YES;
				GCC_OPTIMIZATION_LEVEL = 0;
				GCC_PREPROCESSOR_DEFINITIONS = (
					"DEBUG=1",
					"$(inherited)",
				);
				GCC_WARN_64_TO_32_BIT_CONVERSION = YES;
				GCC_WARN_ABOUT_RETURN_TYPE = YES_ERROR;
				GCC_WARN_UNDECLARED_SELECTOR = YES;
				GCC_WARN_UNINITIALIZED_AUTOS = YES_AGGRESSIVE;
				GCC_WARN_UNUSED_FUNCTION = YES;
				GCC_WARN_UNUSED_VARIABLE = YES;
				MACOSX_DEPLOYMENT_TARGET = 10.11;
				MTL_ENABLE_DEBUG_INFO = YES;
				ONLY_ACTIVE_ARCH = YES;
				SDKROOT = macosx;
			};
			name = Debug;
		};
		FA03A6181CB4C02D00F9E960 /* Release */ = {
			isa = XCBuildConfiguration;
			buildSettings = {
				ALWAYS_SEARCH_USER_PATHS = NO;
				CLANG_ANALYZER_NONNULL = YES;
				CLANG_CXX_LANGUAGE_STANDARD = "gnu++0x";
				CLANG_CXX_LIBRARY = "libc++";
				CLANG_ENABLE_MODULES = YES;
				CLANG_ENABLE_OBJC_ARC = YES;
				CLANG_WARN_BOOL_CONVERSION = YES;
				CLANG_WARN_CONSTANT_CONVERSION = YES;
				CLANG_WARN_DIRECT_OBJC_ISA_USAGE = YES_ERROR;
				CLANG_WARN_EMPTY_BODY = YES;
				CLANG_WARN_ENUM_CONVERSION = YES;
				CLANG_WARN_INT_CONVERSION = YES;
				CLANG_WARN_OBJC_ROOT_CLASS = YES_ERROR;
				CLANG_WARN_UNREACHABLE_CODE = YES;
				CLANG_WARN__DUPLICATE_METHOD_MATCH = YES;
				CODE_SIGN_IDENTITY = "-";
				COPY_PHASE_STRIP = NO;
				DEBUG_INFORMATION_FORMAT = "dwarf-with-dsym";
				ENABLE_NS_ASSERTIONS = NO;
				ENABLE_STRICT_OBJC_MSGSEND = YES;
				GCC_C_LANGUAGE_STANDARD = gnu99;
				GCC_NO_COMMON_BLOCKS = YES;
				GCC_WARN_64_TO_32_BIT_CONVERSION = YES;
				GCC_WARN_ABOUT_RETURN_TYPE = YES_ERROR;
				GCC_WARN_UNDECLARED_SELECTOR = YES;
				GCC_WARN_UNINITIALIZED_AUTOS = YES_AGGRESSIVE;
				GCC_WARN_UNUSED_FUNCTION = YES;
				GCC_WARN_UNUSED_VARIABLE = YES;
				MACOSX_DEPLOYMENT_TARGET = 10.11;
				MTL_ENABLE_DEBUG_INFO = NO;
				SDKROOT = macosx;
			};
			name = Release;
		};
		FA03A61A1CB4C02D00F9E960 /* Debug */ = {
			isa = XCBuildConfiguration;
			buildSettings = {
				ALWAYS_SEARCH_USER_PATHS = YES;
				CLANG_DEBUG_INFORMATION_LEVEL = "line-tables-only";
				COMBINE_HIDPI_IMAGES = YES;
				COPY_PHASE_STRIP = YES;
				FRAMEWORK_SEARCH_PATHS = (
					/Library/Frameworks/,
					"$(LOCAL_LIBRARY_DIR)/Frameworks",
				);
				INFOPLIST_FILE = Crucible/Info.plist;
				INSTALL_PATH = "$(LOCAL_LIBRARY_DIR)/Parasite/Extensions";
				PRODUCT_BUNDLE_IDENTIFIER = com.alexzielenski.crucible;
				PRODUCT_NAME = Crucible;
				SKIP_INSTALL = YES;
				WRAPPER_EXTENSION = bundle;
			};
			name = Debug;
		};
		FA03A61B1CB4C02D00F9E960 /* Release */ = {
			isa = XCBuildConfiguration;
			buildSettings = {
				ALWAYS_SEARCH_USER_PATHS = YES;
				CLANG_DEBUG_INFORMATION_LEVEL = "line-tables-only";
				COMBINE_HIDPI_IMAGES = YES;
				COPY_PHASE_STRIP = YES;
				DEPLOYMENT_LOCATION = YES;
				DSTROOT = "";
				FRAMEWORK_SEARCH_PATHS = (
					/Library/Frameworks/,
					"$(LOCAL_LIBRARY_DIR)/Frameworks",
				);
				GCC_GENERATE_DEBUGGING_SYMBOLS = NO;
				INFOPLIST_FILE = Crucible/Info.plist;
				INSTALL_PATH = "$(LOCAL_LIBRARY_DIR)/Parasite/Extensions";
				PRODUCT_BUNDLE_IDENTIFIER = com.alexzielenski.crucible;
				PRODUCT_NAME = Crucible;
				SKIP_INSTALL = NO;
				WRAPPER_EXTENSION = bundle;
			};
			name = Release;
		};
/* End XCBuildConfiguration section */

/* Begin XCConfigurationList section */
		FA03A6091CB4C02D00F9E960 /* Build configuration list for PBXProject "Crucible" */ = {
			isa = XCConfigurationList;
			buildConfigurations = (
				FA03A6171CB4C02D00F9E960 /* Debug */,
				FA03A6181CB4C02D00F9E960 /* Release */,
			);
			defaultConfigurationIsVisible = 0;
			defaultConfigurationName = Release;
		};
		FA03A6191CB4C02D00F9E960 /* Build configuration list for PBXNativeTarget "Crucible" */ = {
			isa = XCConfigurationList;
			buildConfigurations = (
				FA03A61A1CB4C02D00F9E960 /* Debug */,
				FA03A61B1CB4C02D00F9E960 /* Release */,
			);
			defaultConfigurationIsVisible = 0;
			defaultConfigurationName = Release;
		};
/* End XCConfigurationList section */
	};
	rootObject = FA03A6061CB4C02D00F9E960 /* Project object */;
}
